{
  "name": "npm-registry-trusted-sync",
  "version": "0.1.0",
  "lockfileVersion": 3,
  "requires": true,
  "packages": {
    "": {
      "name": "npm-registry-trusted-sync",
      "version": "0.1.0",
      "license": "MIT",
      "bin": {
        "npm-registry-trusted-sync": "src/sync.js"
      },
      "engines": {
        "node": ">=22"
      }
    }
  }
}
